
Microsoft Visual Studio Solution File, Format Version 12.00
# Visual Studio Version 17
VisualStudioVersion = 17.2.32630.192
MinimumVisualStudioVersion = 10.0.40219.1
Project("{8BC9CEB8-8B4A-11D0-8D11-00A0C91BC942}") = "FulcrumShim", "FulcrumShim\FulcrumShim.vcxproj", "{25DE901C-9939-4B98-A2A0-58090B7375FD}"
EndProject
Project("{930C7802-8A8C-48F9-8165-68863BCCD9DD}") = "FulcrumInstaller", "FulcrumInstaller\FulcrumInstaller.wixproj", "{46915009-6E9B-410C-B2BF-0C5E92D556B5}"
	ProjectSection(ProjectDependencies) = postProject
		{7B268CC3-BB60-4ED8-8564-9FE49D43E8E7} = {7B268CC3-BB60-4ED8-8564-9FE49D43E8E7}
	EndProjectSection
EndProject
Project("{FAE04EC0-301F-11D3-BF4B-00C04F79EFBC}") = "FulcrumInjector", "FulcrumInjector\FulcrumInjector.csproj", "{7B268CC3-BB60-4ED8-8564-9FE49D43E8E7}"
EndProject
Project("{2150E333-8FDC-42A3-9474-1A3956D46DE8}") = "FulcrumServices", "FulcrumServices", "{A5CA94D5-EFC8-47B8-BFE4-92BE949584C0}"
EndProject
Project("{FAE04EC0-301F-11D3-BF4B-00C04F79EFBC}") = "FulcrumDriveService", "FulcrumServices\FulcrumDriveService\FulcrumDriveService.csproj", "{DFD619BE-CE63-4E4D-9C23-17016793244C}"
EndProject
Project("{FAE04EC0-301F-11D3-BF4B-00C04F79EFBC}") = "FulcrumWatchdogService", "FulcrumServices\FulcrumWatchdogService\FulcrumWatchdogService.csproj", "{73615040-9704-4497-9ABA-C5EF17F1D639}"
EndProject
Project("{FAE04EC0-301F-11D3-BF4B-00C04F79EFBC}") = "FulcrumEmailService", "FulcrumServices\FulcrumEmailService\FulcrumEmailService.csproj", "{80CFE329-C459-49F1-BDB7-5063E2C2FC7B}"
EndProject
Project("{2150E333-8FDC-42A3-9474-1A3956D46DE8}") = "FulcrumSupport", "FulcrumSupport", "{73A02B41-C65C-4DF6-AF87-67E3B202CDA2}"
EndProject
Project("{FAE04EC0-301F-11D3-BF4B-00C04F79EFBC}") = "FulcrumJson", "FulcrumSupport\FulcrumJson\FulcrumJson.csproj", "{2A636E5D-7E7E-416D-97C7-0663F438122F}"
EndProject
Project("{2150E333-8FDC-42A3-9474-1A3956D46DE8}") = "Fulcrum", "Fulcrum", "{B0A9C001-28B9-4662-AD56-F444583CBA7E}"
EndProject
Project("{FAE04EC0-301F-11D3-BF4B-00C04F79EFBC}") = "FulcrumEncryption", "FulcrumSupport\FulcrumEncryption\FulcrumEncryption.csproj", "{39338B62-FA58-497F-B5CA-D078487B2363}"
EndProject
Project("{FAE04EC0-301F-11D3-BF4B-00C04F79EFBC}") = "FulcrumService", "FulcrumServices\FulcrumService\FulcrumService.csproj", "{9ED477F5-F3DC-4643-B7CB-E2FC3F33D652}"
EndProject
Project("{FAE04EC0-301F-11D3-BF4B-00C04F79EFBC}") = "FulcrumSupport", "FulcrumSupport\FulcrumSupport\FulcrumSupport.csproj", "{550BD088-9E2A-434E-BD46-A8B712ADF313}"
EndProject
Project("{FAE04EC0-301F-11D3-BF4B-00C04F79EFBC}") = "FulcrumUpdaterService", "FulcrumServices\FulcrumUpdaterService\FulcrumUpdaterService.csproj", "{5577927F-40B8-4ECB-B168-1CC06BD7B8F8}"
EndProject
Global
	GlobalSection(SolutionConfigurationPlatforms) = preSolution
		Debug|Any CPU = Debug|Any CPU
		Debug|x64 = Debug|x64
		Debug|x86 = Debug|x86
		Release|Any CPU = Release|Any CPU
		Release|x64 = Release|x64
		Release|x86 = Release|x86
	EndGlobalSection
	GlobalSection(ProjectConfigurationPlatforms) = postSolution
		{25DE901C-9939-4B98-A2A0-58090B7375FD}.Debug|Any CPU.ActiveCfg = Debug|Win32
		{25DE901C-9939-4B98-A2A0-58090B7375FD}.Debug|x64.ActiveCfg = Debug|x64
		{25DE901C-9939-4B98-A2A0-58090B7375FD}.Debug|x64.Build.0 = Debug|x64
		{25DE901C-9939-4B98-A2A0-58090B7375FD}.Debug|x86.ActiveCfg = Debug|Win32
		{25DE901C-9939-4B98-A2A0-58090B7375FD}.Release|Any CPU.ActiveCfg = Release|Win32
		{25DE901C-9939-4B98-A2A0-58090B7375FD}.Release|x64.ActiveCfg = Release|x64
		{25DE901C-9939-4B98-A2A0-58090B7375FD}.Release|x64.Build.0 = Release|x64
		{25DE901C-9939-4B98-A2A0-58090B7375FD}.Release|x86.ActiveCfg = Release|Win32
		{46915009-6E9B-410C-B2BF-0C5E92D556B5}.Debug|Any CPU.ActiveCfg = Debug|x86
		{46915009-6E9B-410C-B2BF-0C5E92D556B5}.Debug|x64.ActiveCfg = Debug|x86
		{46915009-6E9B-410C-B2BF-0C5E92D556B5}.Debug|x86.ActiveCfg = Debug|x86
		{46915009-6E9B-410C-B2BF-0C5E92D556B5}.Debug|x86.Build.0 = Debug|x86
		{46915009-6E9B-410C-B2BF-0C5E92D556B5}.Release|Any CPU.ActiveCfg = Release|x86
		{46915009-6E9B-410C-B2BF-0C5E92D556B5}.Release|x64.ActiveCfg = Release|x86
		{46915009-6E9B-410C-B2BF-0C5E92D556B5}.Release|x86.ActiveCfg = Release|x86
		{46915009-6E9B-410C-B2BF-0C5E92D556B5}.Release|x86.Build.0 = Release|x86
		{7B268CC3-BB60-4ED8-8564-9FE49D43E8E7}.Debug|Any CPU.ActiveCfg = Debug|Any CPU
		{7B268CC3-BB60-4ED8-8564-9FE49D43E8E7}.Debug|Any CPU.Build.0 = Debug|Any CPU
		{7B268CC3-BB60-4ED8-8564-9FE49D43E8E7}.Debug|x64.ActiveCfg = Debug|Any CPU
		{7B268CC3-BB60-4ED8-8564-9FE49D43E8E7}.Debug|x64.Build.0 = Debug|Any CPU
		{7B268CC3-BB60-4ED8-8564-9FE49D43E8E7}.Debug|x86.ActiveCfg = Debug|Any CPU
		{7B268CC3-BB60-4ED8-8564-9FE49D43E8E7}.Debug|x86.Build.0 = Debug|Any CPU
		{7B268CC3-BB60-4ED8-8564-9FE49D43E8E7}.Release|Any CPU.ActiveCfg = Release|Any CPU
		{7B268CC3-BB60-4ED8-8564-9FE49D43E8E7}.Release|Any CPU.Build.0 = Release|Any CPU
		{7B268CC3-BB60-4ED8-8564-9FE49D43E8E7}.Release|x64.ActiveCfg = Release|Any CPU
		{7B268CC3-BB60-4ED8-8564-9FE49D43E8E7}.Release|x64.Build.0 = Release|Any CPU
		{7B268CC3-BB60-4ED8-8564-9FE49D43E8E7}.Release|x86.ActiveCfg = Release|Any CPU
		{7B268CC3-BB60-4ED8-8564-9FE49D43E8E7}.Release|x86.Build.0 = Release|Any CPU
		{DFD619BE-CE63-4E4D-9C23-17016793244C}.Debug|Any CPU.ActiveCfg = Debug|Any CPU
		{DFD619BE-CE63-4E4D-9C23-17016793244C}.Debug|Any CPU.Build.0 = Debug|Any CPU
		{DFD619BE-CE63-4E4D-9C23-17016793244C}.Debug|x64.ActiveCfg = Debug|Any CPU
		{DFD619BE-CE63-4E4D-9C23-17016793244C}.Debug|x64.Build.0 = Debug|Any CPU
		{DFD619BE-CE63-4E4D-9C23-17016793244C}.Debug|x86.ActiveCfg = Debug|Any CPU
		{DFD619BE-CE63-4E4D-9C23-17016793244C}.Debug|x86.Build.0 = Debug|Any CPU
		{DFD619BE-CE63-4E4D-9C23-17016793244C}.Release|Any CPU.ActiveCfg = Release|Any CPU
		{DFD619BE-CE63-4E4D-9C23-17016793244C}.Release|Any CPU.Build.0 = Release|Any CPU
		{DFD619BE-CE63-4E4D-9C23-17016793244C}.Release|x64.ActiveCfg = Release|Any CPU
		{DFD619BE-CE63-4E4D-9C23-17016793244C}.Release|x64.Build.0 = Release|Any CPU
		{DFD619BE-CE63-4E4D-9C23-17016793244C}.Release|x86.ActiveCfg = Release|Any CPU
		{DFD619BE-CE63-4E4D-9C23-17016793244C}.Release|x86.Build.0 = Release|Any CPU
		{73615040-9704-4497-9ABA-C5EF17F1D639}.Debug|Any CPU.ActiveCfg = Debug|Any CPU
		{73615040-9704-4497-9ABA-C5EF17F1D639}.Debug|Any CPU.Build.0 = Debug|Any CPU
		{73615040-9704-4497-9ABA-C5EF17F1D639}.Debug|x64.ActiveCfg = Debug|Any CPU
		{73615040-9704-4497-9ABA-C5EF17F1D639}.Debug|x64.Build.0 = Debug|Any CPU
		{73615040-9704-4497-9ABA-C5EF17F1D639}.Debug|x86.ActiveCfg = Debug|Any CPU
		{73615040-9704-4497-9ABA-C5EF17F1D639}.Debug|x86.Build.0 = Debug|Any CPU
		{73615040-9704-4497-9ABA-C5EF17F1D639}.Release|Any CPU.ActiveCfg = Release|Any CPU
		{73615040-9704-4497-9ABA-C5EF17F1D639}.Release|Any CPU.Build.0 = Release|Any CPU
		{73615040-9704-4497-9ABA-C5EF17F1D639}.Release|x64.ActiveCfg = Release|Any CPU
		{73615040-9704-4497-9ABA-C5EF17F1D639}.Release|x64.Build.0 = Release|Any CPU
		{73615040-9704-4497-9ABA-C5EF17F1D639}.Release|x86.ActiveCfg = Release|Any CPU
		{73615040-9704-4497-9ABA-C5EF17F1D639}.Release|x86.Build.0 = Release|Any CPU
		{80CFE329-C459-49F1-BDB7-5063E2C2FC7B}.Debug|Any CPU.ActiveCfg = Debug|Any CPU
		{80CFE329-C459-49F1-BDB7-5063E2C2FC7B}.Debug|Any CPU.Build.0 = Debug|Any CPU
		{80CFE329-C459-49F1-BDB7-5063E2C2FC7B}.Debug|x64.ActiveCfg = Debug|Any CPU
		{80CFE329-C459-49F1-BDB7-5063E2C2FC7B}.Debug|x64.Build.0 = Debug|Any CPU
		{80CFE329-C459-49F1-BDB7-5063E2C2FC7B}.Debug|x86.ActiveCfg = Debug|Any CPU
		{80CFE329-C459-49F1-BDB7-5063E2C2FC7B}.Debug|x86.Build.0 = Debug|Any CPU
		{80CFE329-C459-49F1-BDB7-5063E2C2FC7B}.Release|Any CPU.ActiveCfg = Release|Any CPU
		{80CFE329-C459-49F1-BDB7-5063E2C2FC7B}.Release|Any CPU.Build.0 = Release|Any CPU
		{80CFE329-C459-49F1-BDB7-5063E2C2FC7B}.Release|x64.ActiveCfg = Release|Any CPU
		{80CFE329-C459-49F1-BDB7-5063E2C2FC7B}.Release|x64.Build.0 = Release|Any CPU
		{80CFE329-C459-49F1-BDB7-5063E2C2FC7B}.Release|x86.ActiveCfg = Release|Any CPU
		{80CFE329-C459-49F1-BDB7-5063E2C2FC7B}.Release|x86.Build.0 = Release|Any CPU
		{2A636E5D-7E7E-416D-97C7-0663F438122F}.Debug|Any CPU.ActiveCfg = Debug|Any CPU
		{2A636E5D-7E7E-416D-97C7-0663F438122F}.Debug|Any CPU.Build.0 = Debug|Any CPU
		{2A636E5D-7E7E-416D-97C7-0663F438122F}.Debug|x64.ActiveCfg = Debug|Any CPU
		{2A636E5D-7E7E-416D-97C7-0663F438122F}.Debug|x64.Build.0 = Debug|Any CPU
		{2A636E5D-7E7E-416D-97C7-0663F438122F}.Debug|x86.ActiveCfg = Debug|Any CPU
		{2A636E5D-7E7E-416D-97C7-0663F438122F}.Debug|x86.Build.0 = Debug|Any CPU
		{2A636E5D-7E7E-416D-97C7-0663F438122F}.Release|Any CPU.ActiveCfg = Release|Any CPU
		{2A636E5D-7E7E-416D-97C7-0663F438122F}.Release|Any CPU.Build.0 = Release|Any CPU
		{2A636E5D-7E7E-416D-97C7-0663F438122F}.Release|x64.ActiveCfg = Release|Any CPU
		{2A636E5D-7E7E-416D-97C7-0663F438122F}.Release|x64.Build.0 = Release|Any CPU
		{2A636E5D-7E7E-416D-97C7-0663F438122F}.Release|x86.ActiveCfg = Release|Any CPU
		{2A636E5D-7E7E-416D-97C7-0663F438122F}.Release|x86.Build.0 = Release|Any CPU
		{39338B62-FA58-497F-B5CA-D078487B2363}.Debug|Any CPU.ActiveCfg = Debug|Any CPU
		{39338B62-FA58-497F-B5CA-D078487B2363}.Debug|Any CPU.Build.0 = Debug|Any CPU
		{39338B62-FA58-497F-B5CA-D078487B2363}.Debug|x64.ActiveCfg = Debug|Any CPU
		{39338B62-FA58-497F-B5CA-D078487B2363}.Debug|x64.Build.0 = Debug|Any CPU
		{39338B62-FA58-497F-B5CA-D078487B2363}.Debug|x86.ActiveCfg = Debug|Any CPU
		{39338B62-FA58-497F-B5CA-D078487B2363}.Debug|x86.Build.0 = Debug|Any CPU
		{39338B62-FA58-497F-B5CA-D078487B2363}.Release|Any CPU.ActiveCfg = Release|Any CPU
		{39338B62-FA58-497F-B5CA-D078487B2363}.Release|Any CPU.Build.0 = Release|Any CPU
		{39338B62-FA58-497F-B5CA-D078487B2363}.Release|x64.ActiveCfg = Release|Any CPU
		{39338B62-FA58-497F-B5CA-D078487B2363}.Release|x64.Build.0 = Release|Any CPU
		{39338B62-FA58-497F-B5CA-D078487B2363}.Release|x86.ActiveCfg = Release|Any CPU
		{39338B62-FA58-497F-B5CA-D078487B2363}.Release|x86.Build.0 = Release|Any CPU
		{9ED477F5-F3DC-4643-B7CB-E2FC3F33D652}.Debug|Any CPU.ActiveCfg = Debug|Any CPU
		{9ED477F5-F3DC-4643-B7CB-E2FC3F33D652}.Debug|Any CPU.Build.0 = Debug|Any CPU
		{9ED477F5-F3DC-4643-B7CB-E2FC3F33D652}.Debug|x64.ActiveCfg = Debug|Any CPU
		{9ED477F5-F3DC-4643-B7CB-E2FC3F33D652}.Debug|x64.Build.0 = Debug|Any CPU
		{9ED477F5-F3DC-4643-B7CB-E2FC3F33D652}.Debug|x86.ActiveCfg = Debug|Any CPU
		{9ED477F5-F3DC-4643-B7CB-E2FC3F33D652}.Debug|x86.Build.0 = Debug|Any CPU
		{9ED477F5-F3DC-4643-B7CB-E2FC3F33D652}.Release|Any CPU.ActiveCfg = Release|Any CPU
		{9ED477F5-F3DC-4643-B7CB-E2FC3F33D652}.Release|Any CPU.Build.0 = Release|Any CPU
		{9ED477F5-F3DC-4643-B7CB-E2FC3F33D652}.Release|x64.ActiveCfg = Release|Any CPU
		{9ED477F5-F3DC-4643-B7CB-E2FC3F33D652}.Release|x64.Build.0 = Release|Any CPU
		{9ED477F5-F3DC-4643-B7CB-E2FC3F33D652}.Release|x86.ActiveCfg = Release|Any CPU
		{9ED477F5-F3DC-4643-B7CB-E2FC3F33D652}.Release|x86.Build.0 = Release|Any CPU
		{550BD088-9E2A-434E-BD46-A8B712ADF313}.Debug|Any CPU.ActiveCfg = Debug|Any CPU
		{550BD088-9E2A-434E-BD46-A8B712ADF313}.Debug|Any CPU.Build.0 = Debug|Any CPU
		{550BD088-9E2A-434E-BD46-A8B712ADF313}.Debug|x64.ActiveCfg = Debug|Any CPU
		{550BD088-9E2A-434E-BD46-A8B712ADF313}.Debug|x64.Build.0 = Debug|Any CPU
		{550BD088-9E2A-434E-BD46-A8B712ADF313}.Debug|x86.ActiveCfg = Debug|Any CPU
		{550BD088-9E2A-434E-BD46-A8B712ADF313}.Debug|x86.Build.0 = Debug|Any CPU
		{550BD088-9E2A-434E-BD46-A8B712ADF313}.Release|Any CPU.ActiveCfg = Release|Any CPU
		{550BD088-9E2A-434E-BD46-A8B712ADF313}.Release|Any CPU.Build.0 = Release|Any CPU
		{550BD088-9E2A-434E-BD46-A8B712ADF313}.Release|x64.ActiveCfg = Release|Any CPU
		{550BD088-9E2A-434E-BD46-A8B712ADF313}.Release|x64.Build.0 = Release|Any CPU
		{550BD088-9E2A-434E-BD46-A8B712ADF313}.Release|x86.ActiveCfg = Release|Any CPU
		{550BD088-9E2A-434E-BD46-A8B712ADF313}.Release|x86.Build.0 = Release|Any CPU
		{5577927F-40B8-4ECB-B168-1CC06BD7B8F8}.Debug|Any CPU.ActiveCfg = Debug|Any CPU
		{5577927F-40B8-4ECB-B168-1CC06BD7B8F8}.Debug|Any CPU.Build.0 = Debug|Any CPU
		{5577927F-40B8-4ECB-B168-1CC06BD7B8F8}.Debug|x64.ActiveCfg = Debug|Any CPU
		{5577927F-40B8-4ECB-B168-1CC06BD7B8F8}.Debug|x64.Build.0 = Debug|Any CPU
		{5577927F-40B8-4ECB-B168-1CC06BD7B8F8}.Debug|x86.ActiveCfg = Debug|Any CPU
		{5577927F-40B8-4ECB-B168-1CC06BD7B8F8}.Debug|x86.Build.0 = Debug|Any CPU
		{5577927F-40B8-4ECB-B168-1CC06BD7B8F8}.Release|Any CPU.ActiveCfg = Release|Any CPU
		{5577927F-40B8-4ECB-B168-1CC06BD7B8F8}.Release|Any CPU.Build.0 = Release|Any CPU
		{5577927F-40B8-4ECB-B168-1CC06BD7B8F8}.Release|x64.ActiveCfg = Release|Any CPU
		{5577927F-40B8-4ECB-B168-1CC06BD7B8F8}.Release|x64.Build.0 = Release|Any CPU
		{5577927F-40B8-4ECB-B168-1CC06BD7B8F8}.Release|x86.ActiveCfg = Release|Any CPU
		{5577927F-40B8-4ECB-B168-1CC06BD7B8F8}.Release|x86.Build.0 = Release|Any CPU
	EndGlobalSection
	GlobalSection(SolutionProperties) = preSolution
		HideSolutionNode = FALSE
	EndGlobalSection
	GlobalSection(NestedProjects) = preSolution
		{46915009-6E9B-410C-B2BF-0C5E92D556B5} = {B0A9C001-28B9-4662-AD56-F444583CBA7E}
		{7B268CC3-BB60-4ED8-8564-9FE49D43E8E7} = {B0A9C001-28B9-4662-AD56-F444583CBA7E}
		{DFD619BE-CE63-4E4D-9C23-17016793244C} = {A5CA94D5-EFC8-47B8-BFE4-92BE949584C0}
		{73615040-9704-4497-9ABA-C5EF17F1D639} = {A5CA94D5-EFC8-47B8-BFE4-92BE949584C0}
		{80CFE329-C459-49F1-BDB7-5063E2C2FC7B} = {A5CA94D5-EFC8-47B8-BFE4-92BE949584C0}
		{2A636E5D-7E7E-416D-97C7-0663F438122F} = {73A02B41-C65C-4DF6-AF87-67E3B202CDA2}
		{39338B62-FA58-497F-B5CA-D078487B2363} = {73A02B41-C65C-4DF6-AF87-67E3B202CDA2}
		{9ED477F5-F3DC-4643-B7CB-E2FC3F33D652} = {A5CA94D5-EFC8-47B8-BFE4-92BE949584C0}
		{550BD088-9E2A-434E-BD46-A8B712ADF313} = {73A02B41-C65C-4DF6-AF87-67E3B202CDA2}
		{5577927F-40B8-4ECB-B168-1CC06BD7B8F8} = {A5CA94D5-EFC8-47B8-BFE4-92BE949584C0}
	EndGlobalSection
	GlobalSection(ExtensibilityGlobals) = postSolution
		SolutionGuid = {1546852D-0441-4435-AAAD-B4BAF4D43FD6}
	EndGlobalSection
EndGlobal
